// !$*UTF8*$!
{
	archiveVersion = 1;
	classes = {
	};
	objectVersion = 56;
	objects = {

/* Begin PBXBuildFile section */
		574AA8E6299163A0008076D9 /* AppDelegate.swift in Sources */ = {isa = PBXBuildFile; fileRef = 574AA8E5299163A0008076D9 /* AppDelegate.swift */; };
		574AA8E8299163A0008076D9 /* SceneDelegate.swift in Sources */ = {isa = PBXBuildFile; fileRef = 574AA8E7299163A0008076D9 /* SceneDelegate.swift */; };
		574AA8EA299163A0008076D9 /* ViewController.swift in Sources */ = {isa = PBXBuildFile; fileRef = 574AA8E9299163A0008076D9 /* ViewController.swift */; };
		574AA8ED299163A0008076D9 /* Main.storyboard in Resources */ = {isa = PBXBuildFile; fileRef = 574AA8EB299163A0008076D9 /* Main.storyboard */; };
		574AA8EF299163A2008076D9 /* Assets.xcassets in Resources */ = {isa = PBXBuildFile; fileRef = 574AA8EE299163A2008076D9 /* Assets.xcassets */; };
		574AA8F2299163A2008076D9 /* LaunchScreen.storyboard in Resources */ = {isa = PBXBuildFile; fileRef = 574AA8F0299163A2008076D9 /* LaunchScreen.storyboard */; };
		574AA8FD299163A2008076D9 /* Movie_MVVMTests.swift in Sources */ = {isa = PBXBuildFile; fileRef = 574AA8FC299163A2008076D9 /* Movie_MVVMTests.swift */; };
		574AA907299163A2008076D9 /* Movie_MVVMUITests.swift in Sources */ = {isa = PBXBuildFile; fileRef = 574AA906299163A2008076D9 /* Movie_MVVMUITests.swift */; };
		574AA909299163A2008076D9 /* Movie_MVVMUITestsLaunchTests.swift in Sources */ = {isa = PBXBuildFile; fileRef = 574AA908299163A2008076D9 /* Movie_MVVMUITestsLaunchTests.swift */; };
/* End PBXBuildFile section */

/* Begin PBXContainerItemProxy section */
		574AA8F9299163A2008076D9 /* PBXContainerItemProxy */ = {
			isa = PBXContainerItemProxy;
			containerPortal = 574AA8DA299163A0008076D9 /* Project object */;
			proxyType = 1;
			remoteGlobalIDString = 574AA8E1299163A0008076D9;
			remoteInfo = Movie_MVVM;
		};
		574AA903299163A2008076D9 /* PBXContainerItemProxy */ = {
			isa = PBXContainerItemProxy;
			containerPortal = 574AA8DA299163A0008076D9 /* Project object */;
			proxyType = 1;
			remoteGlobalIDString = 574AA8E1299163A0008076D9;
			remoteInfo = Movie_MVVM;
		};
/* End PBXContainerItemProxy section */

/* Begin PBXFileReference section */
		574AA8E2299163A0008076D9 /* Movie_MVVM.app */ = {isa = PBXFileReference; explicitFileType = wrapper.application; includeInIndex = 0; path = Movie_MVVM.app; sourceTree = BUILT_PRODUCTS_DIR; };
		574AA8E5299163A0008076D9 /* AppDelegate.swift */ = {isa = PBXFileReference; lastKnownFileType = sourcecode.swift; path = AppDelegate.swift; sourceTree = "<group>"; };
		574AA8E7299163A0008076D9 /* SceneDelegate.swift */ = {isa = PBXFileReference; lastKnownFileType = sourcecode.swift; path = SceneDelegate.swift; sourceTree = "<group>"; };
		574AA8E9299163A0008076D9 /* ViewController.swift */ = {isa = PBXFileReference; lastKnownFileType = sourcecode.swift; path = ViewController.swift; sourceTree = "<group>"; };
		574AA8EC299163A0008076D9 /* Base */ = {isa = PBXFileReference; lastKnownFileType = file.storyboard; name = Base; path = Base.lproj/Main.storyboard; sourceTree = "<group>"; };
		574AA8EE299163A2008076D9 /* Assets.xcassets */ = {isa = PBXFileReference; lastKnownFileType = folder.assetcatalog; path = Assets.xcassets; sourceTree = "<group>"; };
		574AA8F1299163A2008076D9 /* Base */ = {isa = PBXFileReference; lastKnownFileType = file.storyboard; name = Base; path = Base.lproj/LaunchScreen.storyboard; sourceTree = "<group>"; };
		574AA8F3299163A2008076D9 /* Info.plist */ = {isa = PBXFileReference; lastKnownFileType = text.plist.xml; path = Info.plist; sourceTree = "<group>"; };
		574AA8F8299163A2008076D9 /* Movie_MVVMTests.xctest */ = {isa = PBXFileReference; explicitFileType = wrapper.cfbundle; includeInIndex = 0; path = Movie_MVVMTests.xctest; sourceTree = BUILT_PRODUCTS_DIR; };
		574AA8FC299163A2008076D9 /* Movie_MVVMTests.swift */ = {isa = PBXFileReference; lastKnownFileType = sourcecode.swift; path = Movie_MVVMTests.swift; sourceTree = "<group>"; };
		574AA902299163A2008076D9 /* Movie_MVVMUITests.xctest */ = {isa = PBXFileReference; explicitFileType = wrapper.cfbundle; includeInIndex = 0; path = Movie_MVVMUITests.xctest; sourceTree = BUILT_PRODUCTS_DIR; };
		574AA906299163A2008076D9 /* Movie_MVVMUITests.swift */ = {isa = PBXFileReference; lastKnownFileType = sourcecode.swift; path = Movie_MVVMUITests.swift; sourceTree = "<group>"; };
		574AA908299163A2008076D9 /* Movie_MVVMUITestsLaunchTests.swift */ = {isa = PBXFileReference; lastKnownFileType = sourcecode.swift; path = Movie_MVVMUITestsLaunchTests.swift; sourceTree = "<group>"; };
/* End PBXFileReference section */

/* Begin PBXFrameworksBuildPhase section */
		574AA8DF299163A0008076D9 /* Frameworks */ = {
			isa = PBXFrameworksBuildPhase;
			buildActionMask = 2147483647;
			files = (
			);
			runOnlyForDeploymentPostprocessing = 0;
		};
		574AA8F5299163A2008076D9 /* Frameworks */ = {
			isa = PBXFrameworksBuildPhase;
			buildActionMask = 2147483647;
			files = (
			);
			runOnlyForDeploymentPostprocessing = 0;
		};
		574AA8FF299163A2008076D9 /* Frameworks */ = {
			isa = PBXFrameworksBuildPhase;
			buildActionMask = 2147483647;
			files = (
			);
			runOnlyForDeploymentPostprocessing = 0;
		};
/* End PBXFrameworksBuildPhase section */

/* Begin PBXGroup section */
		574AA8D9299163A0008076D9 = {
			isa = PBXGroup;
			children = (
				574AA8E4299163A0008076D9 /* Movie_MVVM */,
				574AA8FB299163A2008076D9 /* Movie_MVVMTests */,
				574AA905299163A2008076D9 /* Movie_MVVMUITests */,
				574AA8E3299163A0008076D9 /* Products */,
			);
			sourceTree = "<group>";
		};
		574AA8E3299163A0008076D9 /* Products */ = {
			isa = PBXGroup;
			children = (
				574AA8E2299163A0008076D9 /* Movie_MVVM.app */,
				574AA8F8299163A2008076D9 /* Movie_MVVMTests.xctest */,
				574AA902299163A2008076D9 /* Movie_MVVMUITests.xctest */,
			);
			name = Products;
			sourceTree = "<group>";
		};
		574AA8E4299163A0008076D9 /* Movie_MVVM */ = {
			isa = PBXGroup;
			children = (
				574AA8E5299163A0008076D9 /* AppDelegate.swift */,
				574AA8E7299163A0008076D9 /* SceneDelegate.swift */,
				574AA8E9299163A0008076D9 /* ViewController.swift */,
				574AA8EB299163A0008076D9 /* Main.storyboard */,
				574AA8EE299163A2008076D9 /* Assets.xcassets */,
				574AA8F0299163A2008076D9 /* LaunchScreen.storyboard */,
				574AA8F3299163A2008076D9 /* Info.plist */,
			);
			path = Movie_MVVM;
			sourceTree = "<group>";
		};
		574AA8FB299163A2008076D9 /* Movie_MVVMTests */ = {
			isa = PBXGroup;
			children = (
				574AA8FC299163A2008076D9 /* Movie_MVVMTests.swift */,
			);
			path = Movie_MVVMTests;
			sourceTree = "<group>";
		};
		574AA905299163A2008076D9 /* Movie_MVVMUITests */ = {
			isa = PBXGroup;
			children = (
				574AA906299163A2008076D9 /* Movie_MVVMUITests.swift */,
				574AA908299163A2008076D9 /* Movie_MVVMUITestsLaunchTests.swift */,
			);
			path = Movie_MVVMUITests;
			sourceTree = "<group>";
		};
/* End PBXGroup section */

/* Begin PBXNativeTarget section */
		574AA8E1299163A0008076D9 /* Movie_MVVM */ = {
			isa = PBXNativeTarget;
			buildConfigurationList = 574AA90C299163A2008076D9 /* Build configuration list for PBXNativeTarget "Movie_MVVM" */;
			buildPhases = (
				574AA8DE299163A0008076D9 /* Sources */,
				574AA8DF299163A0008076D9 /* Frameworks */,
				574AA8E0299163A0008076D9 /* Resources */,
				574AA9152991647E008076D9 /* Run SwiftFormat */,
				574AA916299164DA008076D9 /* Run SwiftLint */,
			);
			buildRules = (
			);
			dependencies = (
			);
			name = Movie_MVVM;
			productName = Movie_MVVM;
			productReference = 574AA8E2299163A0008076D9 /* Movie_MVVM.app */;
			productType = "com.apple.product-type.application";
		};
		574AA8F7299163A2008076D9 /* Movie_MVVMTests */ = {
			isa = PBXNativeTarget;
			buildConfigurationList = 574AA90F299163A2008076D9 /* Build configuration list for PBXNativeTarget "Movie_MVVMTests" */;
			buildPhases = (
				574AA8F4299163A2008076D9 /* Sources */,
				574AA8F5299163A2008076D9 /* Frameworks */,
				574AA8F6299163A2008076D9 /* Resources */,
			);
			buildRules = (
			);
			dependencies = (
				574AA8FA299163A2008076D9 /* PBXTargetDependency */,
			);
			name = Movie_MVVMTests;
			productName = Movie_MVVMTests;
			productReference = 574AA8F8299163A2008076D9 /* Movie_MVVMTests.xctest */;
			productType = "com.apple.product-type.bundle.unit-test";
		};
		574AA901299163A2008076D9 /* Movie_MVVMUITests */ = {
			isa = PBXNativeTarget;
			buildConfigurationList = 574AA912299163A2008076D9 /* Build configuration list for PBXNativeTarget "Movie_MVVMUITests" */;
			buildPhases = (
				574AA8FE299163A2008076D9 /* Sources */,
				574AA8FF299163A2008076D9 /* Frameworks */,
				574AA900299163A2008076D9 /* Resources */,
			);
			buildRules = (
			);
			dependencies = (
				574AA904299163A2008076D9 /* PBXTargetDependency */,
			);
			name = Movie_MVVMUITests;
			productName = Movie_MVVMUITests;
			productReference = 574AA902299163A2008076D9 /* Movie_MVVMUITests.xctest */;
			productType = "com.apple.product-type.bundle.ui-testing";
		};
/* End PBXNativeTarget section */

/* Begin PBXProject section */
		574AA8DA299163A0008076D9 /* Project object */ = {
			isa = PBXProject;
			attributes = {
				BuildIndependentTargetsInParallel = 1;
				LastSwiftUpdateCheck = 1420;
				LastUpgradeCheck = 1420;
				TargetAttributes = {
					574AA8E1299163A0008076D9 = {
						CreatedOnToolsVersion = 14.2;
					};
					574AA8F7299163A2008076D9 = {
						CreatedOnToolsVersion = 14.2;
						TestTargetID = 574AA8E1299163A0008076D9;
					};
					574AA901299163A2008076D9 = {
						CreatedOnToolsVersion = 14.2;
						TestTargetID = 574AA8E1299163A0008076D9;
					};
				};
			};
			buildConfigurationList = 574AA8DD299163A0008076D9 /* Build configuration list for PBXProject "Movie_MVVM" */;
			compatibilityVersion = "Xcode 14.0";
			developmentRegion = en;
			hasScannedForEncodings = 0;
			knownRegions = (
				en,
				Base,
			);
			mainGroup = 574AA8D9299163A0008076D9;
			productRefGroup = 574AA8E3299163A0008076D9 /* Products */;
			projectDirPath = "";
			projectRoot = "";
			targets = (
				574AA8E1299163A0008076D9 /* Movie_MVVM */,
				574AA8F7299163A2008076D9 /* Movie_MVVMTests */,
				574AA901299163A2008076D9 /* Movie_MVVMUITests */,
			);
		};
/* End PBXProject section */

/* Begin PBXResourcesBuildPhase section */
		574AA8E0299163A0008076D9 /* Resources */ = {
			isa = PBXResourcesBuildPhase;
			buildActionMask = 2147483647;
			files = (
				574AA8F2299163A2008076D9 /* LaunchScreen.storyboard in Resources */,
				574AA8EF299163A2008076D9 /* Assets.xcassets in Resources */,
				574AA8ED299163A0008076D9 /* Main.storyboard in Resources */,
			);
			runOnlyForDeploymentPostprocessing = 0;
		};
		574AA8F6299163A2008076D9 /* Resources */ = {
			isa = PBXResourcesBuildPhase;
			buildActionMask = 2147483647;
			files = (
			);
			runOnlyForDeploymentPostprocessing = 0;
		};
		574AA900299163A2008076D9 /* Resources */ = {
			isa = PBXResourcesBuildPhase;
			buildActionMask = 2147483647;
			files = (
			);
			runOnlyForDeploymentPostprocessing = 0;
		};
/* End PBXResourcesBuildPhase section */

/* Begin PBXShellScriptBuildPhase section */
		574AA9152991647E008076D9 /* Run SwiftFormat */ = {
			isa = PBXShellScriptBuildPhase;
			alwaysOutOfDate = 1;
			buildActionMask = 2147483647;
			files = (
			);
			inputFileListPaths = (
			);
			inputPaths = (
			);
			name = "Run SwiftFormat";
			outputFileListPaths = (
			);
			outputPaths = (
			);
			runOnlyForDeploymentPostprocessing = 0;
			shellPath = /bin/sh;
			shellScript = "export PATH=\"$PATH:~/.mint/bin\"\nswiftformat .\n";
		};
		574AA916299164DA008076D9 /* Run SwiftLint */ = {
			isa = PBXShellScriptBuildPhase;
			alwaysOutOfDate = 1;
			buildActionMask = 2147483647;
			files = (
			);
			inputFileListPaths = (
			);
			inputPaths = (
			);
			name = "Run SwiftLint";
			outputFileListPaths = (
			);
			outputPaths = (
			);
			runOnlyForDeploymentPostprocessing = 0;
			shellPath = /bin/sh;
			shellScript = "export PATH=\"$PATH:~/.mint/bin\"\nswiftlint\n";
		};
/* End PBXShellScriptBuildPhase section */

/* Begin PBXSourcesBuildPhase section */
		574AA8DE299163A0008076D9 /* Sources */ = {
			isa = PBXSourcesBuildPhase;
			buildActionMask = 2147483647;
			files = (
				574AA8EA299163A0008076D9 /* ViewController.swift in Sources */,
				574AA8E6299163A0008076D9 /* AppDelegate.swift in Sources */,
				574AA8E8299163A0008076D9 /* SceneDelegate.swift in Sources */,
			);
			runOnlyForDeploymentPostprocessing = 0;
		};
		574AA8F4299163A2008076D9 /* Sources */ = {
			isa = PBXSourcesBuildPhase;
			buildActionMask = 2147483647;
			files = (
				574AA8FD299163A2008076D9 /* Movie_MVVMTests.swift in Sources */,
			);
			runOnlyForDeploymentPostprocessing = 0;
		};
		574AA8FE299163A2008076D9 /* Sources */ = {
			isa = PBXSourcesBuildPhase;
			buildActionMask = 2147483647;
			files = (
				574AA907299163A2008076D9 /* Movie_MVVMUITests.swift in Sources */,
				574AA909299163A2008076D9 /* Movie_MVVMUITestsLaunchTests.swift in Sources */,
			);
			runOnlyForDeploymentPostprocessing = 0;
		};
/* End PBXSourcesBuildPhase section */

/* Begin PBXTargetDependency section */
		574AA8FA299163A2008076D9 /* PBXTargetDependency */ = {
			isa = PBXTargetDependency;
			target = 574AA8E1299163A0008076D9 /* Movie_MVVM */;
			targetProxy = 574AA8F9299163A2008076D9 /* PBXContainerItemProxy */;
		};
		574AA904299163A2008076D9 /* PBXTargetDependency */ = {
			isa = PBXTargetDependency;
			target = 574AA8E1299163A0008076D9 /* Movie_MVVM */;
			targetProxy = 574AA903299163A2008076D9 /* PBXContainerItemProxy */;
		};
/* End PBXTargetDependency section */

/* Begin PBXVariantGroup section */
		574AA8EB299163A0008076D9 /* Main.storyboard */ = {
			isa = PBXVariantGroup;
			children = (
				574AA8EC299163A0008076D9 /* Base */,
			);
			name = Main.storyboard;
			sourceTree = "<group>";
		};
		574AA8F0299163A2008076D9 /* LaunchScreen.storyboard */ = {
			isa = PBXVariantGroup;
			children = (
				574AA8F1299163A2008076D9 /* Base */,
			);
			name = LaunchScreen.storyboard;
			sourceTree = "<group>";
		};
/* End PBXVariantGroup section */

/* Begin XCBuildConfiguration section */
		574AA90A299163A2008076D9 /* Debug */ = {
			isa = XCBuildConfiguration;
			buildSettings = {
				ALWAYS_SEARCH_USER_PATHS = NO;
				CLANG_ANALYZER_NONNULL = YES;
				CLANG_ANALYZER_NUMBER_OBJECT_CONVERSION = YES_AGGRESSIVE;
				CLANG_CXX_LANGUAGE_STANDARD = "gnu++20";
				CLANG_ENABLE_MODULES = YES;
				CLANG_ENABLE_OBJC_ARC = YES;
				CLANG_ENABLE_OBJC_WEAK = YES;
				CLANG_WARN_BLOCK_CAPTURE_AUTORELEASING = YES;
				CLANG_WARN_BOOL_CONVERSION = YES;
				CLANG_WARN_COMMA = YES;
				CLANG_WARN_CONSTANT_CONVERSION = YES;
				CLANG_WARN_DEPRECATED_OBJC_IMPLEMENTATIONS = YES;
				CLANG_WARN_DIRECT_OBJC_ISA_USAGE = YES_ERROR;
				CLANG_WARN_DOCUMENTATION_COMMENTS = YES;
				CLANG_WARN_EMPTY_BODY = YES;
				CLANG_WARN_ENUM_CONVERSION = YES;
				CLANG_WARN_INFINITE_RECURSION = YES;
				CLANG_WARN_INT_CONVERSION = YES;
				CLANG_WARN_NON_LITERAL_NULL_CONVERSION = YES;
				CLANG_WARN_OBJC_IMPLICIT_RETAIN_SELF = YES;
				CLANG_WARN_OBJC_LITERAL_CONVERSION = YES;
				CLANG_WARN_OBJC_ROOT_CLASS = YES_ERROR;
				CLANG_WARN_QUOTED_INCLUDE_IN_FRAMEWORK_HEADER = YES;
				CLANG_WARN_RANGE_LOOP_ANALYSIS = YES;
				CLANG_WARN_STRICT_PROTOTYPES = YES;
				CLANG_WARN_SUSPICIOUS_MOVE = YES;
				CLANG_WARN_UNGUARDED_AVAILABILITY = YES_AGGRESSIVE;
				CLANG_WARN_UNREACHABLE_CODE = YES;
				CLANG_WARN__DUPLICATE_METHOD_MATCH = YES;
				COPY_PHASE_STRIP = NO;
				DEBUG_INFORMATION_FORMAT = dwarf;
				ENABLE_STRICT_OBJC_MSGSEND = YES;
				ENABLE_TESTABILITY = YES;
				GCC_C_LANGUAGE_STANDARD = gnu11;
				GCC_DYNAMIC_NO_PIC = NO;
				GCC_NO_COMMON_BLOCKS = YES;
				GCC_OPTIMIZATION_LEVEL = 0;
				GCC_PREPROCESSOR_DEFINITIONS = (
					"DEBUG=1",
					"$(inherited)",
				);
				GCC_WARN_64_TO_32_BIT_CONVERSION = YES;
				GCC_WARN_ABOUT_RETURN_TYPE = YES_ERROR;
				GCC_WARN_UNDECLARED_SELECTOR = YES;
				GCC_WARN_UNINITIALIZED_AUTOS = YES_AGGRESSIVE;
				GCC_WARN_UNUSED_FUNCTION = YES;
				GCC_WARN_UNUSED_VARIABLE = YES;
				IPHONEOS_DEPLOYMENT_TARGET = 16.2;
				MTL_ENABLE_DEBUG_INFO = INCLUDE_SOURCE;
				MTL_FAST_MATH = YES;
				ONLY_ACTIVE_ARCH = YES;
				SDKROOT = iphoneos;
				SWIFT_ACTIVE_COMPILATION_CONDITIONS = DEBUG;
				SWIFT_OPTIMIZATION_LEVEL = "-Onone";
			};
			name = Debug;
		};
		574AA90B299163A2008076D9 /* Release */ = {
			isa = XCBuildConfiguration;
			buildSettings = {
				ALWAYS_SEARCH_USER_PATHS = NO;
				CLANG_ANALYZER_NONNULL = YES;
				CLANG_ANALYZER_NUMBER_OBJECT_CONVERSION = YES_AGGRESSIVE;
				CLANG_CXX_LANGUAGE_STANDARD = "gnu++20";
				CLANG_ENABLE_MODULES = YES;
				CLANG_ENABLE_OBJC_ARC = YES;
				CLANG_ENABLE_OBJC_WEAK = YES;
				CLANG_WARN_BLOCK_CAPTURE_AUTORELEASING = YES;
				CLANG_WARN_BOOL_CONVERSION = YES;
				CLANG_WARN_COMMA = YES;
				CLANG_WARN_CONSTANT_CONVERSION = YES;
				CLANG_WARN_DEPRECATED_OBJC_IMPLEMENTATIONS = YES;
				CLANG_WARN_DIRECT_OBJC_ISA_USAGE = YES_ERROR;
				CLANG_WARN_DOCUMENTATION_COMMENTS = YES;
				CLANG_WARN_EMPTY_BODY = YES;
				CLANG_WARN_ENUM_CONVERSION = YES;
				CLANG_WARN_INFINITE_RECURSION = YES;
				CLANG_WARN_INT_CONVERSION = YES;
				CLANG_WARN_NON_LITERAL_NULL_CONVERSION = YES;
				CLANG_WARN_OBJC_IMPLICIT_RETAIN_SELF = YES;
				CLANG_WARN_OBJC_LITERAL_CONVERSION = YES;
				CLANG_WARN_OBJC_ROOT_CLASS = YES_ERROR;
				CLANG_WARN_QUOTED_INCLUDE_IN_FRAMEWORK_HEADER = YES;
				CLANG_WARN_RANGE_LOOP_ANALYSIS = YES;
				CLANG_WARN_STRICT_PROTOTYPES = YES;
				CLANG_WARN_SUSPICIOUS_MOVE = YES;
				CLANG_WARN_UNGUARDED_AVAILABILITY = YES_AGGRESSIVE;
				CLANG_WARN_UNREACHABLE_CODE = YES;
				CLANG_WARN__DUPLICATE_METHOD_MATCH = YES;
				COPY_PHASE_STRIP = NO;
				DEBUG_INFORMATION_FORMAT = "dwarf-with-dsym";
				ENABLE_NS_ASSERTIONS = NO;
				ENABLE_STRICT_OBJC_MSGSEND = YES;
				GCC_C_LANGUAGE_STANDARD = gnu11;
				GCC_NO_COMMON_BLOCKS = YES;
				GCC_WARN_64_TO_32_BIT_CONVERSION = YES;
				GCC_WARN_ABOUT_RETURN_TYPE = YES_ERROR;
				GCC_WARN_UNDECLARED_SELECTOR = YES;
				GCC_WARN_UNINITIALIZED_AUTOS = YES_AGGRESSIVE;
				GCC_WARN_UNUSED_FUNCTION = YES;
				GCC_WARN_UNUSED_VARIABLE = YES;
				IPHONEOS_DEPLOYMENT_TARGET = 16.2;
				MTL_ENABLE_DEBUG_INFO = NO;
				MTL_FAST_MATH = YES;
				SDKROOT = iphoneos;
				SWIFT_COMPILATION_MODE = wholemodule;
				SWIFT_OPTIMIZATION_LEVEL = "-O";
				VALIDATE_PRODUCT = YES;
			};
			name = Release;
		};
		574AA90D299163A2008076D9 /* Debug */ = {
			isa = XCBuildConfiguration;
			buildSettings = {
				ASSETCATALOG_COMPILER_APPICON_NAME = AppIcon;
				ASSETCATALOG_COMPILER_GLOBAL_ACCENT_COLOR_NAME = AccentColor;
				CODE_SIGN_STYLE = Automatic;
				CURRENT_PROJECT_VERSION = 1;
				DEVELOPMENT_TEAM = 8GW3WFYASG;
				GENERATE_INFOPLIST_FILE = YES;
				INFOPLIST_FILE = Movie_MVVM/Info.plist;
				INFOPLIST_KEY_UIApplicationSupportsIndirectInputEvents = YES;
				INFOPLIST_KEY_UILaunchStoryboardName = LaunchScreen;
				INFOPLIST_KEY_UIMainStoryboardFile = Main;
				INFOPLIST_KEY_UISupportedInterfaceOrientations_iPad = "UIInterfaceOrientationPortrait UIInterfaceOrientationPortraitUpsideDown UIInterfaceOrientationLandscapeLeft UIInterfaceOrientationLandscapeRight";
				INFOPLIST_KEY_UISupportedInterfaceOrientations_iPhone = "UIInterfaceOrientationPortrait UIInterfaceOrientationLandscapeLeft UIInterfaceOrientationLandscapeRight";
				LD_RUNPATH_SEARCH_PATHS = (
					"$(inherited)",
					"@executable_path/Frameworks",
				);
				MARKETING_VERSION = 1.0;
				PRODUCT_BUNDLE_IDENTIFIER = "AP.Movie-MVVM";
				PRODUCT_NAME = "$(TARGET_NAME)";
				SWIFT_EMIT_LOC_STRINGS = YES;
				SWIFT_VERSION = 5.0;
				TARGETED_DEVICE_FAMILY = "1,2";
			};
			name = Debug;
		};
		574AA90E299163A2008076D9 /* Release */ = {
			isa = XCBuildConfiguration;
			buildSettings = {
				ASSETCATALOG_COMPILER_APPICON_NAME = AppIcon;
				ASSETCATALOG_COMPILER_GLOBAL_ACCENT_COLOR_NAME = AccentColor;
				CODE_SIGN_STYLE = Automatic;
				CURRENT_PROJECT_VERSION = 1;
				DEVELOPMENT_TEAM = 8GW3WFYASG;
				GENERATE_INFOPLIST_FILE = YES;
				INFOPLIST_FILE = Movie_MVVM/Info.plist;
				INFOPLIST_KEY_UIApplicationSupportsIndirectInputEvents = YES;
				INFOPLIST_KEY_UILaunchStoryboardName = LaunchScreen;
				INFOPLIST_KEY_UIMainStoryboardFile = Main;
				INFOPLIST_KEY_UISupportedInterfaceOrientations_iPad = "UIInterfaceOrientationPortrait UIInterfaceOrientationPortraitUpsideDown UIInterfaceOrientationLandscapeLeft UIInterfaceOrientationLandscapeRight";
				INFOPLIST_KEY_UISupportedInterfaceOrientations_iPhone = "UIInterfaceOrientationPortrait UIInterfaceOrientationLandscapeLeft UIInterfaceOrientationLandscapeRight";
				LD_RUNPATH_SEARCH_PATHS = (
					"$(inherited)",
					"@executable_path/Frameworks",
				);
				MARKETING_VERSION = 1.0;
				PRODUCT_BUNDLE_IDENTIFIER = "AP.Movie-MVVM";
				PRODUCT_NAME = "$(TARGET_NAME)";
				SWIFT_EMIT_LOC_STRINGS = YES;
				SWIFT_VERSION = 5.0;
				TARGETED_DEVICE_FAMILY = "1,2";
			};
			name = Release;
		};
		574AA910299163A2008076D9 /* Debug */ = {
			isa = XCBuildConfiguration;
			buildSettings = {
				ALWAYS_EMBED_SWIFT_STANDARD_LIBRARIES = YES;
				BUNDLE_LOADER = "$(TEST_HOST)";
				CODE_SIGN_STYLE = Automatic;
				CURRENT_PROJECT_VERSION = 1;
				DEVELOPMENT_TEAM = 8GW3WFYASG;
				GENERATE_INFOPLIST_FILE = YES;
				IPHONEOS_DEPLOYMENT_TARGET = 16.2;
				MARKETING_VERSION = 1.0;
				PRODUCT_BUNDLE_IDENTIFIER = "AP.Movie-MVVMTests";
				PRODUCT_NAME = "$(TARGET_NAME)";
				SWIFT_EMIT_LOC_STRINGS = NO;
				SWIFT_VERSION = 5.0;
				TARGETED_DEVICE_FAMILY = "1,2";
				TEST_HOST = "$(BUILT_PRODUCTS_DIR)/Movie_MVVM.app/$(BUNDLE_EXECUTABLE_FOLDER_PATH)/Movie_MVVM";
			};
			name = Debug;
		};
		574AA911299163A2008076D9 /* Release */ = {
			isa = XCBuildConfiguration;
			buildSettings = {
				ALWAYS_EMBED_SWIFT_STANDARD_LIBRARIES = YES;
				BUNDLE_LOADER = "$(TEST_HOST)";
				CODE_SIGN_STYLE = Automatic;
				CURRENT_PROJECT_VERSION = 1;
				DEVELOPMENT_TEAM = 8GW3WFYASG;
				GENERATE_INFOPLIST_FILE = YES;
				IPHONEOS_DEPLOYMENT_TARGET = 16.2;
				MARKETING_VERSION = 1.0;
				PRODUCT_BUNDLE_IDENTIFIER = "AP.Movie-MVVMTests";
				PRODUCT_NAME = "$(TARGET_NAME)";
				SWIFT_EMIT_LOC_STRINGS = NO;
				SWIFT_VERSION = 5.0;
				TARGETED_DEVICE_FAMILY = "1,2";
				TEST_HOST = "$(BUILT_PRODUCTS_DIR)/Movie_MVVM.app/$(BUNDLE_EXECUTABLE_FOLDER_PATH)/Movie_MVVM";
			};
			name = Release;
		};
		574AA913299163A2008076D9 /* Debug */ = {
			isa = XCBuildConfiguration;
			buildSettings = {
				ALWAYS_EMBED_SWIFT_STANDARD_LIBRARIES = YES;
				CODE_SIGN_STYLE = Automatic;
				CURRENT_PROJECT_VERSION = 1;
				DEVELOPMENT_TEAM = 8GW3WFYASG;
				GENERATE_INFOPLIST_FILE = YES;
				MARKETING_VERSION = 1.0;
				PRODUCT_BUNDLE_IDENTIFIER = "AP.Movie-MVVMUITests";
				PRODUCT_NAME = "$(TARGET_NAME)";
				SWIFT_EMIT_LOC_STRINGS = NO;
				SWIFT_VERSION = 5.0;
				TARGETED_DEVICE_FAMILY = "1,2";
				TEST_TARGET_NAME = Movie_MVVM;
			};
			name = Debug;
		};
		574AA914299163A2008076D9 /* Release */ = {
			isa = XCBuildConfiguration;
			buildSettings = {
				ALWAYS_EMBED_SWIFT_STANDARD_LIBRARIES = YES;
				CODE_SIGN_STYLE = Automatic;
				CURRENT_PROJECT_VERSION = 1;
				DEVELOPMENT_TEAM = 8GW3WFYASG;
				GENERATE_INFOPLIST_FILE = YES;
				MARKETING_VERSION = 1.0;
				PRODUCT_BUNDLE_IDENTIFIER = "AP.Movie-MVVMUITests";
				PRODUCT_NAME = "$(TARGET_NAME)";
				SWIFT_EMIT_LOC_STRINGS = NO;
				SWIFT_VERSION = 5.0;
				TARGETED_DEVICE_FAMILY = "1,2";
				TEST_TARGET_NAME = Movie_MVVM;
			};
			name = Release;
		};
/* End XCBuildConfiguration section */

/* Begin XCConfigurationList section */
		574AA8DD299163A0008076D9 /* Build configuration list for PBXProject "Movie_MVVM" */ = {
			isa = XCConfigurationList;
			buildConfigurations = (
				574AA90A299163A2008076D9 /* Debug */,
				574AA90B299163A2008076D9 /* Release */,
			);
			defaultConfigurationIsVisible = 0;
			defaultConfigurationName = Release;
		};
		574AA90C299163A2008076D9 /* Build configuration list for PBXNativeTarget "Movie_MVVM" */ = {
			isa = XCConfigurationList;
			buildConfigurations = (
				574AA90D299163A2008076D9 /* Debug */,
				574AA90E299163A2008076D9 /* Release */,
			);
			defaultConfigurationIsVisible = 0;
			defaultConfigurationName = Release;
		};
		574AA90F299163A2008076D9 /* Build configuration list for PBXNativeTarget "Movie_MVVMTests" */ = {
			isa = XCConfigurationList;
			buildConfigurations = (
				574AA910299163A2008076D9 /* Debug */,
				574AA911299163A2008076D9 /* Release */,
			);
			defaultConfigurationIsVisible = 0;
			defaultConfigurationName = Release;
		};
		574AA912299163A2008076D9 /* Build configuration list for PBXNativeTarget "Movie_MVVMUITests" */ = {
			isa = XCConfigurationList;
			buildConfigurations = (
				574AA913299163A2008076D9 /* Debug */,
				574AA914299163A2008076D9 /* Release */,
			);
			defaultConfigurationIsVisible = 0;
			defaultConfigurationName = Release;
		};
/* End XCConfigurationList section */
	};
	rootObject = 574AA8DA299163A0008076D9 /* Project object */;
}
